
Microsoft Visual Studio Solution File, Format Version 12.00
Project("{2150E333-8FDC-42A3-9474-1A3956D46DE8}") = "Solution Items", "Solution Items", "{B84B70A2-C6CA-408D-B112-BDC33A57862A}"
	ProjectSection(SolutionItems) = preProject
		compose.yaml = compose.yaml
	EndProjectSection
EndProject
Project("{FAE04EC0-301F-11D3-BF4B-00C04F79EFBC}") = "WeddingManager.Domain", "WeddingManager.Domain\WeddingManager.Domain.csproj", "{DC0AC342-5F3C-4253-9344-D7505FBA1BF2}"
EndProject
Project("{FAE04EC0-301F-11D3-BF4B-00C04F79EFBC}") = "WeddingManager.Application", "WeddingManager.Application\WeddingManager.Application.csproj", "{618EFCB5-E9F0-4241-AE94-2ECCA19D2F6E}"
EndProject
Project("{FAE04EC0-301F-11D3-BF4B-00C04F79EFBC}") = "WeddingManager.Infrastructure", "WeddingManager.Infrastructure\WeddingManager.Infrastructure.csproj", "{8B654DDB-212A-4874-808D-ABC5DB407819}"
EndProject
Project("{FAE04EC0-301F-11D3-BF4B-00C04F79EFBC}") = "WeddingManager.Web", "WeddingManager.Web\WeddingManager.Web.csproj", "{1C98A9A4-828F-4804-BAC8-84523C43AEDB}"
EndProject
Project("{FAE04EC0-301F-11D3-BF4B-00C04F79EFBC}") = "WeddingManager.Tests", "WeddingManager.Tests\WeddingManager.Tests.csproj", "{0011E166-EEFA-41A0-97FB-672CEDC86664}"
EndProject
Global
	GlobalSection(SolutionConfigurationPlatforms) = preSolution
		Debug|Any CPU = Debug|Any CPU
		Debug|x64 = Debug|x64
		Debug|x86 = Debug|x86
		Release|Any CPU = Release|Any CPU
		Release|x64 = Release|x64
		Release|x86 = Release|x86
	EndGlobalSection
	GlobalSection(ProjectConfigurationPlatforms) = postSolution
		{DC0AC342-5F3C-4253-9344-D7505FBA1BF2}.Debug|Any CPU.ActiveCfg = Debug|Any CPU
		{DC0AC342-5F3C-4253-9344-D7505FBA1BF2}.Debug|Any CPU.Build.0 = Debug|Any CPU
		{DC0AC342-5F3C-4253-9344-D7505FBA1BF2}.Debug|x64.ActiveCfg = Debug|Any CPU
		{DC0AC342-5F3C-4253-9344-D7505FBA1BF2}.Debug|x64.Build.0 = Debug|Any CPU
		{DC0AC342-5F3C-4253-9344-D7505FBA1BF2}.Debug|x86.ActiveCfg = Debug|Any CPU
		{DC0AC342-5F3C-4253-9344-D7505FBA1BF2}.Debug|x86.Build.0 = Debug|Any CPU
		{DC0AC342-5F3C-4253-9344-D7505FBA1BF2}.Release|Any CPU.ActiveCfg = Release|Any CPU
		{DC0AC342-5F3C-4253-9344-D7505FBA1BF2}.Release|Any CPU.Build.0 = Release|Any CPU
		{DC0AC342-5F3C-4253-9344-D7505FBA1BF2}.Release|x64.ActiveCfg = Release|Any CPU
		{DC0AC342-5F3C-4253-9344-D7505FBA1BF2}.Release|x64.Build.0 = Release|Any CPU
		{DC0AC342-5F3C-4253-9344-D7505FBA1BF2}.Release|x86.ActiveCfg = Release|Any CPU
		{DC0AC342-5F3C-4253-9344-D7505FBA1BF2}.Release|x86.Build.0 = Release|Any CPU
		{618EFCB5-E9F0-4241-AE94-2ECCA19D2F6E}.Debug|Any CPU.ActiveCfg = Debug|Any CPU
		{618EFCB5-E9F0-4241-AE94-2ECCA19D2F6E}.Debug|Any CPU.Build.0 = Debug|Any CPU
		{618EFCB5-E9F0-4241-AE94-2ECCA19D2F6E}.Debug|x64.ActiveCfg = Debug|Any CPU
		{618EFCB5-E9F0-4241-AE94-2ECCA19D2F6E}.Debug|x64.Build.0 = Debug|Any CPU
		{618EFCB5-E9F0-4241-AE94-2ECCA19D2F6E}.Debug|x86.ActiveCfg = Debug|Any CPU
		{618EFCB5-E9F0-4241-AE94-2ECCA19D2F6E}.Debug|x86.Build.0 = Debug|Any CPU
		{618EFCB5-E9F0-4241-AE94-2ECCA19D2F6E}.Release|Any CPU.ActiveCfg = Release|Any CPU
		{618EFCB5-E9F0-4241-AE94-2ECCA19D2F6E}.Release|Any CPU.Build.0 = Release|Any CPU
		{618EFCB5-E9F0-4241-AE94-2ECCA19D2F6E}.Release|x64.ActiveCfg = Release|Any CPU
		{618EFCB5-E9F0-4241-AE94-2ECCA19D2F6E}.Release|x64.Build.0 = Release|Any CPU
		{618EFCB5-E9F0-4241-AE94-2ECCA19D2F6E}.Release|x86.ActiveCfg = Release|Any CPU
		{618EFCB5-E9F0-4241-AE94-2ECCA19D2F6E}.Release|x86.Build.0 = Release|Any CPU
		{8B654DDB-212A-4874-808D-ABC5DB407819}.Debug|Any CPU.ActiveCfg = Debug|Any CPU
		{8B654DDB-212A-4874-808D-ABC5DB407819}.Debug|Any CPU.Build.0 = Debug|Any CPU
		{8B654DDB-212A-4874-808D-ABC5DB407819}.Debug|x64.ActiveCfg = Debug|Any CPU
		{8B654DDB-212A-4874-808D-ABC5DB407819}.Debug|x64.Build.0 = Debug|Any CPU
		{8B654DDB-212A-4874-808D-ABC5DB407819}.Debug|x86.ActiveCfg = Debug|Any CPU
		{8B654DDB-212A-4874-808D-ABC5DB407819}.Debug|x86.Build.0 = Debug|Any CPU
		{8B654DDB-212A-4874-808D-ABC5DB407819}.Release|Any CPU.ActiveCfg = Release|Any CPU
		{8B654DDB-212A-4874-808D-ABC5DB407819}.Release|Any CPU.Build.0 = Release|Any CPU
		{8B654DDB-212A-4874-808D-ABC5DB407819}.Release|x64.ActiveCfg = Release|Any CPU
		{8B654DDB-212A-4874-808D-ABC5DB407819}.Release|x64.Build.0 = Release|Any CPU
		{8B654DDB-212A-4874-808D-ABC5DB407819}.Release|x86.ActiveCfg = Release|Any CPU
		{8B654DDB-212A-4874-808D-ABC5DB407819}.Release|x86.Build.0 = Release|Any CPU
		{1C98A9A4-828F-4804-BAC8-84523C43AEDB}.Debug|Any CPU.ActiveCfg = Debug|Any CPU
		{1C98A9A4-828F-4804-BAC8-84523C43AEDB}.Debug|Any CPU.Build.0 = Debug|Any CPU
		{1C98A9A4-828F-4804-BAC8-84523C43AEDB}.Debug|x64.ActiveCfg = Debug|Any CPU
		{1C98A9A4-828F-4804-BAC8-84523C43AEDB}.Debug|x64.Build.0 = Debug|Any CPU
		{1C98A9A4-828F-4804-BAC8-84523C43AEDB}.Debug|x86.ActiveCfg = Debug|Any CPU
		{1C98A9A4-828F-4804-BAC8-84523C43AEDB}.Debug|x86.Build.0 = Debug|Any CPU
		{1C98A9A4-828F-4804-BAC8-84523C43AEDB}.Release|Any CPU.ActiveCfg = Release|Any CPU
		{1C98A9A4-828F-4804-BAC8-84523C43AEDB}.Release|Any CPU.Build.0 = Release|Any CPU
		{1C98A9A4-828F-4804-BAC8-84523C43AEDB}.Release|x64.ActiveCfg = Release|Any CPU
		{1C98A9A4-828F-4804-BAC8-84523C43AEDB}.Release|x64.Build.0 = Release|Any CPU
		{1C98A9A4-828F-4804-BAC8-84523C43AEDB}.Release|x86.ActiveCfg = Release|Any CPU
		{1C98A9A4-828F-4804-BAC8-84523C43AEDB}.Release|x86.Build.0 = Release|Any CPU
		{0011E166-EEFA-41A0-97FB-672CEDC86664}.Debug|Any CPU.ActiveCfg = Debug|Any CPU
		{0011E166-EEFA-41A0-97FB-672CEDC86664}.Debug|Any CPU.Build.0 = Debug|Any CPU
		{0011E166-EEFA-41A0-97FB-672CEDC86664}.Debug|x64.ActiveCfg = Debug|Any CPU
		{0011E166-EEFA-41A0-97FB-672CEDC86664}.Debug|x64.Build.0 = Debug|Any CPU
		{0011E166-EEFA-41A0-97FB-672CEDC86664}.Debug|x86.ActiveCfg = Debug|Any CPU
		{0011E166-EEFA-41A0-97FB-672CEDC86664}.Debug|x86.Build.0 = Debug|Any CPU
		{0011E166-EEFA-41A0-97FB-672CEDC86664}.Release|Any CPU.ActiveCfg = Release|Any CPU
		{0011E166-EEFA-41A0-97FB-672CEDC86664}.Release|Any CPU.Build.0 = Release|Any CPU
		{0011E166-EEFA-41A0-97FB-672CEDC86664}.Release|x64.ActiveCfg = Release|Any CPU
		{0011E166-EEFA-41A0-97FB-672CEDC86664}.Release|x64.Build.0 = Release|Any CPU
		{0011E166-EEFA-41A0-97FB-672CEDC86664}.Release|x86.ActiveCfg = Release|Any CPU
		{0011E166-EEFA-41A0-97FB-672CEDC86664}.Release|x86.Build.0 = Release|Any CPU
	EndGlobalSection
	GlobalSection(SolutionProperties) = preSolution
		HideSolutionNode = FALSE
	EndGlobalSection
EndGlobal
